Microsoft Visual Studio Solution File, Format Version 12.00
# Visual Studio Version 17
VisualStudioVersion = 17.5.2.0
MinimumVisualStudioVersion = 10.0.40219.1
Project("{FAE04EC0-301F-11D3-BF4B-00C04F79EFBC}") = "WatcherNWNApp", "WatcherNWNApp\WatcherNWNApp.csproj", "{9C79D77E-5B8A-AAFC-C813-96117D30A594}"
EndProject
Global
	GlobalSection(SolutionConfigurationPlatforms) = preSolution
		Debug|Any CPU = Debug|Any CPU
		Release|Any CPU = Release|Any CPU
	EndGlobalSection
	GlobalSection(ProjectConfigurationPlatforms) = postSolution
		{9C79D77E-5B8A-AAFC-C813-96117D30A594}.Debug|Any CPU.ActiveCfg = Release|Any CPU
		{9C79D77E-5B8A-AAFC-C813-96117D30A594}.Debug|Any CPU.Build.0 = Release|Any CPU
		{9C79D77E-5B8A-AAFC-C813-96117D30A594}.Release|Any CPU.ActiveCfg = Release|Any CPU
		{9C79D77E-5B8A-AAFC-C813-96117D30A594}.Release|Any CPU.Build.0 = Release|Any CPU
	EndGlobalSection
	GlobalSection(SolutionProperties) = preSolution
		HideSolutionNode = FALSE
	EndGlobalSection
	GlobalSection(ExtensibilityGlobals) = postSolution
		SolutionGuid = {5616FA80-626F-4335-8D88-361C385CE62E}
	EndGlobalSection
EndGlobal
